<Solution>
  <Folder Name="/CSharp/" />
  <Folder Name="/CSharp/Behavioral/">
    <Project Path="CSharp/Behavioral/Chain-of-Responsibility/Chain-of-Responsibility.csproj" />
    <Project Path="CSharp/Behavioral/Command/Command.csproj" />
    <Project Path="CSharp/Behavioral/Interpreter/Interpreter.csproj" />
    <Project Path="CSharp/Behavioral/Iterator/Iterator.csproj" />
    <Project Path="CSharp/Behavioral/Mediator/Mediator.csproj" />
    <Project Path="CSharp/Behavioral/Memento/Memento.csproj" />
    <Project Path="CSharp/Behavioral/Observer/Observer.csproj" />
    <Project Path="CSharp/Behavioral/State/State.csproj" />
    <Project Path="CSharp/Behavioral/Strategy/Strategy.csproj" />
    <Project Path="CSharp/Behavioral/Template-Method/Template-Method.csproj" />
    <Project Path="CSharp/Behavioral/Visitor/Visitor.csproj" />
  </Folder>
  <Folder Name="/CSharp/Creational/">
    <Project Path="CSharp/Creational/Abstract-Factory/Abstract-Factory.csproj" />
    <Project Path="CSharp/Creational/Builder/Builder.csproj" />
    <Project Path="CSharp/Creational/Factory-Method/Factory-Method.csproj" />
    <Project Path="CSharp/Creational/Prototype/Prototype.csproj" />
    <Project Path="CSharp/Creational/Singleton/Singleton.csproj" />
  </Folder>
  <Folder Name="/CSharp/Structural/">
    <Project Path="CSharp/Structural/Adapter/Adapter.csproj" />
    <Project Path="CSharp/Structural/Bridge/Bridge.csproj" />
    <Project Path="CSharp/Structural/Composite/Composite.csproj" />
    <Project Path="CSharp/Structural/Decorator/Decorator.csproj" />
    <Project Path="CSharp/Structural/Facade/Facade.csproj" />
    <Project Path="CSharp/Structural/Flyweight/Flyweight.csproj" />
    <Project Path="CSharp/Structural/Proxy/Proxy.csproj" />
  </Folder>
</Solution>
